// !$*UTF8*$!
{
	archiveVersion = 1;
	classes = {
	};
	objectVersion = 46;
	objects = {

/* Begin PBXBuildFile section */
		58B54BCF1BE2BF37005F5307 /* main.m in Sources */ = {isa = PBXBuildFile; fileRef = 58B54BCE1BE2BF37005F5307 /* main.m */; };
		58B54BD21BE2BF37005F5307 /* AppDelegate.m in Sources */ = {isa = PBXBuildFile; fileRef = 58B54BD11BE2BF37005F5307 /* AppDelegate.m */; };
		58B54BD81BE2BF37005F5307 /* Main.storyboard in Resources */ = {isa = PBXBuildFile; fileRef = 58B54BD61BE2BF37005F5307 /* Main.storyboard */; };
		58B54BDA1BE2BF37005F5307 /* Assets.xcassets in Resources */ = {isa = PBXBuildFile; fileRef = 58B54BD91BE2BF37005F5307 /* Assets.xcassets */; };
		58B54BDD1BE2BF37005F5307 /* LaunchScreen.storyboard in Resources */ = {isa = PBXBuildFile; fileRef = 58B54BDB1BE2BF37005F5307 /* LaunchScreen.storyboard */; };
		58B54BE61BE2BF79005F5307 /* Foundation.framework in Frameworks */ = {isa = PBXBuildFile; fileRef = 58B54BE51BE2BF79005F5307 /* Foundation.framework */; };
		58B54BE81BE2BF84005F5307 /* UIKit.framework in Frameworks */ = {isa = PBXBuildFile; fileRef = 58B54BE71BE2BF84005F5307 /* UIKit.framework */; };
		58B54BF11BE2C30B005F5307 /* AMCatController.m in Sources */ = {isa = PBXBuildFile; fileRef = 58B54BF01BE2C30B005F5307 /* AMCatController.m */; };
		58B54BFA1BE2F2EF005F5307 /* AMButton.m in Sources */ = {isa = PBXBuildFile; fileRef = 58B54BF91BE2F2EF005F5307 /* AMButton.m */; };
		58D4B12E1BE4BAF000D193CB /* AMActivityIndicatorView.m in Sources */ = {isa = PBXBuildFile; fileRef = 58D4B12D1BE4BAF000D193CB /* AMActivityIndicatorView.m */; };
		58D4B1301BE4BB0700D193CB /* AMActivityIndicatorView.xib in Resources */ = {isa = PBXBuildFile; fileRef = 58D4B12F1BE4BB0700D193CB /* AMActivityIndicatorView.xib */; };
		58D4B1361BE4BCD700D193CB /* UIView+MakeFromXib.m in Sources */ = {isa = PBXBuildFile; fileRef = 58D4B1351BE4BCD700D193CB /* UIView+MakeFromXib.m */; };
		58FCAF401BE6B84800ADCB07 /* AMNetworkManager.m in Sources */ = {isa = PBXBuildFile; fileRef = 58FCAF3F1BE6B84800ADCB07 /* AMNetworkManager.m */; };
/* End PBXBuildFile section */

/* Begin PBXFileReference section */
		58B54BCA1BE2BF37005F5307 /* CatsTask.app */ = {isa = PBXFileReference; explicitFileType = wrapper.application; includeInIndex = 0; path = CatsTask.app; sourceTree = BUILT_PRODUCTS_DIR; };
		58B54BCE1BE2BF37005F5307 /* main.m */ = {isa = PBXFileReference; lastKnownFileType = sourcecode.c.objc; path = main.m; sourceTree = "<group>"; };
		58B54BD01BE2BF37005F5307 /* AppDelegate.h */ = {isa = PBXFileReference; lastKnownFileType = sourcecode.c.h; path = AppDelegate.h; sourceTree = "<group>"; };
		58B54BD11BE2BF37005F5307 /* AppDelegate.m */ = {isa = PBXFileReference; lastKnownFileType = sourcecode.c.objc; path = AppDelegate.m; sourceTree = "<group>"; };
		58B54BD71BE2BF37005F5307 /* Base */ = {isa = PBXFileReference; lastKnownFileType = file.storyboard; name = Base; path = Base.lproj/Main.storyboard; sourceTree = "<group>"; };
		58B54BD91BE2BF37005F5307 /* Assets.xcassets */ = {isa = PBXFileReference; lastKnownFileType = folder.assetcatalog; path = Assets.xcassets; sourceTree = "<group>"; };
		58B54BDC1BE2BF37005F5307 /* Base */ = {isa = PBXFileReference; lastKnownFileType = file.storyboard; name = Base; path = Base.lproj/LaunchScreen.storyboard; sourceTree = "<group>"; };
		58B54BDE1BE2BF37005F5307 /* Info.plist */ = {isa = PBXFileReference; lastKnownFileType = text.plist.xml; path = Info.plist; sourceTree = "<group>"; };
		58B54BE51BE2BF79005F5307 /* Foundation.framework */ = {isa = PBXFileReference; lastKnownFileType = wrapper.framework; name = Foundation.framework; path = System/Library/Frameworks/Foundation.framework; sourceTree = SDKROOT; };
		58B54BE71BE2BF84005F5307 /* UIKit.framework */ = {isa = PBXFileReference; lastKnownFileType = wrapper.framework; name = UIKit.framework; path = System/Library/Frameworks/UIKit.framework; sourceTree = SDKROOT; };
		58B54BEF1BE2C30B005F5307 /* AMCatController.h */ = {isa = PBXFileReference; fileEncoding = 4; lastKnownFileType = sourcecode.c.h; name = AMCatController.h; path = Classes/Controllers/AMCatController/AMCatController.h; sourceTree = "<group>"; };
		58B54BF01BE2C30B005F5307 /* AMCatController.m */ = {isa = PBXFileReference; fileEncoding = 4; lastKnownFileType = sourcecode.c.objc; name = AMCatController.m; path = Classes/Controllers/AMCatController/AMCatController.m; sourceTree = "<group>"; };
		58B54BF81BE2F2EF005F5307 /* AMButton.h */ = {isa = PBXFileReference; fileEncoding = 4; lastKnownFileType = sourcecode.c.h; name = AMButton.h; path = Classes/Views/Button/AMButton.h; sourceTree = "<group>"; };
		58B54BF91BE2F2EF005F5307 /* AMButton.m */ = {isa = PBXFileReference; fileEncoding = 4; lastKnownFileType = sourcecode.c.objc; name = AMButton.m; path = Classes/Views/Button/AMButton.m; sourceTree = "<group>"; };
		58D4B12C1BE4BAF000D193CB /* AMActivityIndicatorView.h */ = {isa = PBXFileReference; fileEncoding = 4; lastKnownFileType = sourcecode.c.h; name = AMActivityIndicatorView.h; path = Classes/Views/ActivityIndicatorView/AMActivityIndicatorView.h; sourceTree = "<group>"; };
		58D4B12D1BE4BAF000D193CB /* AMActivityIndicatorView.m */ = {isa = PBXFileReference; fileEncoding = 4; lastKnownFileType = sourcecode.c.objc; name = AMActivityIndicatorView.m; path = Classes/Views/ActivityIndicatorView/AMActivityIndicatorView.m; sourceTree = "<group>"; };
		58D4B12F1BE4BB0700D193CB /* AMActivityIndicatorView.xib */ = {isa = PBXFileReference; fileEncoding = 4; lastKnownFileType = file.xib; name = AMActivityIndicatorView.xib; path = Classes/Views/ActivityIndicatorView/AMActivityIndicatorView.xib; sourceTree = "<group>"; };
		58D4B1341BE4BCD700D193CB /* UIView+MakeFromXib.h */ = {isa = PBXFileReference; fileEncoding = 4; lastKnownFileType = sourcecode.c.h; name = "UIView+MakeFromXib.h"; path = "Classes/Categories/UIView/UIView+MakeFromXib/UIView+MakeFromXib.h"; sourceTree = "<group>"; };
		58D4B1351BE4BCD700D193CB /* UIView+MakeFromXib.m */ = {isa = PBXFileReference; fileEncoding = 4; lastKnownFileType = sourcecode.c.objc; name = "UIView+MakeFromXib.m"; path = "Classes/Categories/UIView/UIView+MakeFromXib/UIView+MakeFromXib.m"; sourceTree = "<group>"; };
		58FCAF3E1BE6B84800ADCB07 /* AMNetworkManager.h */ = {isa = PBXFileReference; fileEncoding = 4; lastKnownFileType = sourcecode.c.h; name = AMNetworkManager.h; path = Classes/Managers/NetworkManager/AMNetworkManager.h; sourceTree = "<group>"; };
		58FCAF3F1BE6B84800ADCB07 /* AMNetworkManager.m */ = {isa = PBXFileReference; fileEncoding = 4; lastKnownFileType = sourcecode.c.objc; name = AMNetworkManager.m; path = Classes/Managers/NetworkManager/AMNetworkManager.m; sourceTree = "<group>"; };
/* End PBXFileReference section */

/* Begin PBXFrameworksBuildPhase section */
		58B54BC71BE2BF37005F5307 /* Frameworks */ = {
			isa = PBXFrameworksBuildPhase;
			buildActionMask = 2147483647;
			files = (
				58B54BE81BE2BF84005F5307 /* UIKit.framework in Frameworks */,
				58B54BE61BE2BF79005F5307 /* Foundation.framework in Frameworks */,
			);
			runOnlyForDeploymentPostprocessing = 0;
		};
/* End PBXFrameworksBuildPhase section */

/* Begin PBXGroup section */
		58B54BC11BE2BF37005F5307 = {
			isa = PBXGroup;
			children = (
				58B54BCC1BE2BF37005F5307 /* CatsTask */,
				58B54BCB1BE2BF37005F5307 /* Products */,
				58B54BE41BE2BF52005F5307 /* Frameworks */,
			);
			sourceTree = "<group>";
		};
		58B54BCB1BE2BF37005F5307 /* Products */ = {
			isa = PBXGroup;
			children = (
				58B54BCA1BE2BF37005F5307 /* CatsTask.app */,
			);
			name = Products;
			sourceTree = "<group>";
		};
		58B54BCC1BE2BF37005F5307 /* CatsTask */ = {
			isa = PBXGroup;
			children = (
				58B54BE91BE2BFA5005F5307 /* Classes */,
				58B54BD01BE2BF37005F5307 /* AppDelegate.h */,
				58B54BD11BE2BF37005F5307 /* AppDelegate.m */,
				58B54BD61BE2BF37005F5307 /* Main.storyboard */,
				58B54BD91BE2BF37005F5307 /* Assets.xcassets */,
				58B54BDB1BE2BF37005F5307 /* LaunchScreen.storyboard */,
				58B54BDE1BE2BF37005F5307 /* Info.plist */,
				58B54BCD1BE2BF37005F5307 /* Supporting Files */,
			);
			path = CatsTask;
			sourceTree = "<group>";
		};
		58B54BCD1BE2BF37005F5307 /* Supporting Files */ = {
			isa = PBXGroup;
			children = (
				58B54BCE1BE2BF37005F5307 /* main.m */,
			);
			name = "Supporting Files";
			sourceTree = "<group>";
		};
		58B54BE41BE2BF52005F5307 /* Frameworks */ = {
			isa = PBXGroup;
			children = (
				58B54BE71BE2BF84005F5307 /* UIKit.framework */,
				58B54BE51BE2BF79005F5307 /* Foundation.framework */,
			);
			name = Frameworks;
			sourceTree = "<group>";
		};
		58B54BE91BE2BFA5005F5307 /* Classes */ = {
			isa = PBXGroup;
			children = (
				58FCAF3D1BE6B79200ADCB07 /* Managers */,
				58D4B1311BE4BB9300D193CB /* Categories */,
				58B54BEC1BE2C090005F5307 /* Views */,
				58B54BEB1BE2C07C005F5307 /* Models */,
				58B54BEA1BE2BFB1005F5307 /* Controllers */,
			);
			name = Classes;
			sourceTree = "<group>";
		};
		58B54BEA1BE2BFB1005F5307 /* Controllers */ = {
			isa = PBXGroup;
			children = (
				58B54BEE1BE2C136005F5307 /* AMCatController */,
			);
			name = Controllers;
			sourceTree = "<group>";
		};
		58B54BEB1BE2C07C005F5307 /* Models */ = {
			isa = PBXGroup;
			children = (
			);
			name = Models;
			sourceTree = "<group>";
		};
		58B54BEC1BE2C090005F5307 /* Views */ = {
			isa = PBXGroup;
			children = (
				58D4B12B1BE4BABC00D193CB /* ActivityIndicator */,
				58B54BF71BE2F2CA005F5307 /* Button */,
			);
			name = Views;
			sourceTree = "<group>";
		};
		58B54BEE1BE2C136005F5307 /* AMCatController */ = {
			isa = PBXGroup;
			children = (
				58B54BEF1BE2C30B005F5307 /* AMCatController.h */,
				58B54BF01BE2C30B005F5307 /* AMCatController.m */,
			);
			name = AMCatController;
			sourceTree = "<group>";
		};
		58B54BF21BE2CAF7005F5307 /* NetworkManager  */ = {
			isa = PBXGroup;
			children = (
				58FCAF3E1BE6B84800ADCB07 /* AMNetworkManager.h */,
				58FCAF3F1BE6B84800ADCB07 /* AMNetworkManager.m */,
			);
			name = "NetworkManager ";
			sourceTree = "<group>";
		};
		58B54BF71BE2F2CA005F5307 /* Button */ = {
			isa = PBXGroup;
			children = (
				58B54BF81BE2F2EF005F5307 /* AMButton.h */,
				58B54BF91BE2F2EF005F5307 /* AMButton.m */,
			);
			name = Button;
			sourceTree = "<group>";
		};
		58D4B12B1BE4BABC00D193CB /* ActivityIndicator */ = {
			isa = PBXGroup;
			children = (
				58D4B12C1BE4BAF000D193CB /* AMActivityIndicatorView.h */,
				58D4B12D1BE4BAF000D193CB /* AMActivityIndicatorView.m */,
				58D4B12F1BE4BB0700D193CB /* AMActivityIndicatorView.xib */,
			);
			name = ActivityIndicator;
			sourceTree = "<group>";
		};
		58D4B1311BE4BB9300D193CB /* Categories */ = {
			isa = PBXGroup;
			children = (
				58D4B1321BE4BB9A00D193CB /* UIView */,
			);
			name = Categories;
			sourceTree = "<group>";
		};
		58D4B1321BE4BB9A00D193CB /* UIView */ = {
			isa = PBXGroup;
			children = (
				58D4B1331BE4BB9F00D193CB /* UIView+MakeFromXib */,
			);
			name = UIView;
			sourceTree = "<group>";
		};
		58D4B1331BE4BB9F00D193CB /* UIView+MakeFromXib */ = {
			isa = PBXGroup;
			children = (
				58D4B1341BE4BCD700D193CB /* UIView+MakeFromXib.h */,
				58D4B1351BE4BCD700D193CB /* UIView+MakeFromXib.m */,
			);
			name = "UIView+MakeFromXib";
			sourceTree = "<group>";
		};
		58FCAF3D1BE6B79200ADCB07 /* Managers */ = {
			isa = PBXGroup;
			children = (
				58B54BF21BE2CAF7005F5307 /* NetworkManager  */,
			);
			name = Managers;
			sourceTree = "<group>";
		};
/* End PBXGroup section */

/* Begin PBXNativeTarget section */
		58B54BC91BE2BF37005F5307 /* CatsTask */ = {
			isa = PBXNativeTarget;
			buildConfigurationList = 58B54BE11BE2BF37005F5307 /* Build configuration list for PBXNativeTarget "CatsTask" */;
			buildPhases = (
				58B54BC61BE2BF37005F5307 /* Sources */,
				58B54BC71BE2BF37005F5307 /* Frameworks */,
				58B54BC81BE2BF37005F5307 /* Resources */,
			);
			buildRules = (
			);
			dependencies = (
			);
			name = CatsTask;
			productName = CatsTask;
			productReference = 58B54BCA1BE2BF37005F5307 /* CatsTask.app */;
			productType = "com.apple.product-type.application";
		};
/* End PBXNativeTarget section */

/* Begin PBXProject section */
		58B54BC21BE2BF37005F5307 /* Project object */ = {
			isa = PBXProject;
			attributes = {
				CLASSPREFIX = AM;
				LastUpgradeCheck = 0710;
				ORGANIZATIONNAME = ThinkMobiles;
				TargetAttributes = {
					58B54BC91BE2BF37005F5307 = {
						CreatedOnToolsVersion = 7.1;
					};
				};
			};
			buildConfigurationList = 58B54BC51BE2BF37005F5307 /* Build configuration list for PBXProject "CatsTask" */;
			compatibilityVersion = "Xcode 3.2";
			developmentRegion = English;
			hasScannedForEncodings = 0;
			knownRegions = (
				en,
				Base,
			);
			mainGroup = 58B54BC11BE2BF37005F5307;
			productRefGroup = 58B54BCB1BE2BF37005F5307 /* Products */;
			projectDirPath = "";
			projectRoot = "";
			targets = (
				58B54BC91BE2BF37005F5307 /* CatsTask */,
			);
		};
/* End PBXProject section */

/* Begin PBXResourcesBuildPhase section */
		58B54BC81BE2BF37005F5307 /* Resources */ = {
			isa = PBXResourcesBuildPhase;
			buildActionMask = 2147483647;
			files = (
				58B54BDD1BE2BF37005F5307 /* LaunchScreen.storyboard in Resources */,
				58B54BDA1BE2BF37005F5307 /* Assets.xcassets in Resources */,
				58B54BD81BE2BF37005F5307 /* Main.storyboard in Resources */,
				58D4B1301BE4BB0700D193CB /* AMActivityIndicatorView.xib in Resources */,
			);
			runOnlyForDeploymentPostprocessing = 0;
		};
/* End PBXResourcesBuildPhase section */

/* Begin PBXSourcesBuildPhase section */
		58B54BC61BE2BF37005F5307 /* Sources */ = {
			isa = PBXSourcesBuildPhase;
			buildActionMask = 2147483647;
			files = (
				58D4B12E1BE4BAF000D193CB /* AMActivityIndicatorView.m in Sources */,
				58B54BD21BE2BF37005F5307 /* AppDelegate.m in Sources */,
				58D4B1361BE4BCD700D193CB /* UIView+MakeFromXib.m in Sources */,
				58B54BF11BE2C30B005F5307 /* AMCatController.m in Sources */,
				58FCAF401BE6B84800ADCB07 /* AMNetworkManager.m in Sources */,
				58B54BFA1BE2F2EF005F5307 /* AMButton.m in Sources */,
				58B54BCF1BE2BF37005F5307 /* main.m in Sources */,
			);
			runOnlyForDeploymentPostprocessing = 0;
		};
/* End PBXSourcesBuildPhase section */

/* Begin PBXVariantGroup section */
		58B54BD61BE2BF37005F5307 /* Main.storyboard */ = {
			isa = PBXVariantGroup;
			children = (
				58B54BD71BE2BF37005F5307 /* Base */,
			);
			name = Main.storyboard;
			sourceTree = "<group>";
		};
		58B54BDB1BE2BF37005F5307 /* LaunchScreen.storyboard */ = {
			isa = PBXVariantGroup;
			children = (
				58B54BDC1BE2BF37005F5307 /* Base */,
			);
			name = LaunchScreen.storyboard;
			sourceTree = "<group>";
		};
/* End PBXVariantGroup section */

/* Begin XCBuildConfiguration section */
		58B54BDF1BE2BF37005F5307 /* Debug */ = {
			isa = XCBuildConfiguration;
			buildSettings = {
				ALWAYS_SEARCH_USER_PATHS = NO;
				CLANG_CXX_LANGUAGE_STANDARD = "gnu++0x";
				CLANG_CXX_LIBRARY = "libc++";
				CLANG_ENABLE_MODULES = YES;
				CLANG_ENABLE_OBJC_ARC = YES;
				CLANG_WARN_BOOL_CONVERSION = YES;
				CLANG_WARN_CONSTANT_CONVERSION = YES;
				CLANG_WARN_DIRECT_OBJC_ISA_USAGE = YES_ERROR;
				CLANG_WARN_EMPTY_BODY = YES;
				CLANG_WARN_ENUM_CONVERSION = YES;
				CLANG_WARN_INT_CONVERSION = YES;
				CLANG_WARN_OBJC_ROOT_CLASS = YES_ERROR;
				CLANG_WARN_UNREACHABLE_CODE = YES;
				CLANG_WARN__DUPLICATE_METHOD_MATCH = YES;
				"CODE_SIGN_IDENTITY[sdk=iphoneos*]" = "iPhone Developer";
				COPY_PHASE_STRIP = NO;
				DEBUG_INFORMATION_FORMAT = dwarf;
				ENABLE_STRICT_OBJC_MSGSEND = YES;
				ENABLE_TESTABILITY = YES;
				GCC_C_LANGUAGE_STANDARD = gnu99;
				GCC_DYNAMIC_NO_PIC = NO;
				GCC_NO_COMMON_BLOCKS = YES;
				GCC_OPTIMIZATION_LEVEL = 0;
				GCC_PREPROCESSOR_DEFINITIONS = (
					"DEBUG=1",
					"$(inherited)",
				);
				GCC_WARN_64_TO_32_BIT_CONVERSION = YES;
				GCC_WARN_ABOUT_RETURN_TYPE = YES_ERROR;
				GCC_WARN_UNDECLARED_SELECTOR = YES;
				GCC_WARN_UNINITIALIZED_AUTOS = YES_AGGRESSIVE;
				GCC_WARN_UNUSED_FUNCTION = YES;
				GCC_WARN_UNUSED_VARIABLE = YES;
				IPHONEOS_DEPLOYMENT_TARGET = 9.1;
				MTL_ENABLE_DEBUG_INFO = YES;
				ONLY_ACTIVE_ARCH = YES;
				SDKROOT = iphoneos;
			};
			name = Debug;
		};
		58B54BE01BE2BF37005F5307 /* Release */ = {
			isa = XCBuildConfiguration;
			buildSettings = {
				ALWAYS_SEARCH_USER_PATHS = NO;
				CLANG_CXX_LANGUAGE_STANDARD = "gnu++0x";
				CLANG_CXX_LIBRARY = "libc++";
				CLANG_ENABLE_MODULES = YES;
				CLANG_ENABLE_OBJC_ARC = YES;
				CLANG_WARN_BOOL_CONVERSION = YES;
				CLANG_WARN_CONSTANT_CONVERSION = YES;
				CLANG_WARN_DIRECT_OBJC_ISA_USAGE = YES_ERROR;
				CLANG_WARN_EMPTY_BODY = YES;
				CLANG_WARN_ENUM_CONVERSION = YES;
				CLANG_WARN_INT_CONVERSION = YES;
				CLANG_WARN_OBJC_ROOT_CLASS = YES_ERROR;
				CLANG_WARN_UNREACHABLE_CODE = YES;
				CLANG_WARN__DUPLICATE_METHOD_MATCH = YES;
				"CODE_SIGN_IDENTITY[sdk=iphoneos*]" = "iPhone Developer";
				COPY_PHASE_STRIP = NO;
				DEBUG_INFORMATION_FORMAT = "dwarf-with-dsym";
				ENABLE_NS_ASSERTIONS = NO;
				ENABLE_STRICT_OBJC_MSGSEND = YES;
				GCC_C_LANGUAGE_STANDARD = gnu99;
				GCC_NO_COMMON_BLOCKS = YES;
				GCC_WARN_64_TO_32_BIT_CONVERSION = YES;
				GCC_WARN_ABOUT_RETURN_TYPE = YES_ERROR;
				GCC_WARN_UNDECLARED_SELECTOR = YES;
				GCC_WARN_UNINITIALIZED_AUTOS = YES_AGGRESSIVE;
				GCC_WARN_UNUSED_FUNCTION = YES;
				GCC_WARN_UNUSED_VARIABLE = YES;
				IPHONEOS_DEPLOYMENT_TARGET = 9.1;
				MTL_ENABLE_DEBUG_INFO = NO;
				SDKROOT = iphoneos;
				VALIDATE_PRODUCT = YES;
			};
			name = Release;
		};
		58B54BE21BE2BF37005F5307 /* Debug */ = {
			isa = XCBuildConfiguration;
			buildSettings = {
				ASSETCATALOG_COMPILER_APPICON_NAME = AppIcon;
				INFOPLIST_FILE = CatsTask/Info.plist;
				LD_RUNPATH_SEARCH_PATHS = "$(inherited) @executable_path/Frameworks";
				PRODUCT_BUNDLE_IDENTIFIER = com.thinkmobiles.CatsTask;
				PRODUCT_NAME = "$(TARGET_NAME)";
			};
			name = Debug;
		};
		58B54BE31BE2BF37005F5307 /* Release */ = {
			isa = XCBuildConfiguration;
			buildSettings = {
				ASSETCATALOG_COMPILER_APPICON_NAME = AppIcon;
				INFOPLIST_FILE = CatsTask/Info.plist;
				LD_RUNPATH_SEARCH_PATHS = "$(inherited) @executable_path/Frameworks";
				PRODUCT_BUNDLE_IDENTIFIER = com.thinkmobiles.CatsTask;
				PRODUCT_NAME = "$(TARGET_NAME)";
			};
			name = Release;
		};
/* End XCBuildConfiguration section */

/* Begin XCConfigurationList section */
		58B54BC51BE2BF37005F5307 /* Build configuration list for PBXProject "CatsTask" */ = {
			isa = XCConfigurationList;
			buildConfigurations = (
				58B54BDF1BE2BF37005F5307 /* Debug */,
				58B54BE01BE2BF37005F5307 /* Release */,
			);
			defaultConfigurationIsVisible = 0;
			defaultConfigurationName = Release;
		};
		58B54BE11BE2BF37005F5307 /* Build configuration list for PBXNativeTarget "CatsTask" */ = {
			isa = XCConfigurationList;
			buildConfigurations = (
				58B54BE21BE2BF37005F5307 /* Debug */,
				58B54BE31BE2BF37005F5307 /* Release */,
			);
			defaultConfigurationIsVisible = 0;
			defaultConfigurationName = Release;
		};
/* End XCConfigurationList section */
	};
	rootObject = 58B54BC21BE2BF37005F5307 /* Project object */;
}
